
Microsoft Visual Studio Solution File, Format Version 12.00
# Visual Studio 15
VisualStudioVersion = 15.0.27703.2035
MinimumVisualStudioVersion = 10.0.40219.1
Project("{FAE04EC0-301F-11D3-BF4B-00C04F79EFBC}") = "DatabaseDemo4", "DatabaseDemo4\DatabaseDemo4.csproj", "{D5387D38-0205-499C-9340-9A14F48D4272}"
EndProject
Global
	GlobalSection(SolutionConfigurationPlatforms) = preSolution
		Debug|Any CPU = Debug|Any CPU
		Release|Any CPU = Release|Any CPU
	EndGlobalSection
	GlobalSection(ProjectConfigurationPlatforms) = postSolution
		{D5387D38-0205-499C-9340-9A14F48D4272}.Debug|Any CPU.ActiveCfg = Debug|Any CPU
		{D5387D38-0205-499C-9340-9A14F48D4272}.Debug|Any CPU.Build.0 = Debug|Any CPU
		{D5387D38-0205-499C-9340-9A14F48D4272}.Release|Any CPU.ActiveCfg = Release|Any CPU
		{D5387D38-0205-499C-9340-9A14F48D4272}.Release|Any CPU.Build.0 = Release|Any CPU
	EndGlobalSection
	GlobalSection(SolutionProperties) = preSolution
		HideSolutionNode = FALSE
	EndGlobalSection
	GlobalSection(ExtensibilityGlobals) = postSolution
		SolutionGuid = {180DD993-EDDF-4415-B69A-361C2CA70CB6}
	EndGlobalSection
EndGlobal
