
Microsoft Visual Studio Solution File, Format Version 12.00
# Visual Studio 15
VisualStudioVersion = 15.0.27703.2035
MinimumVisualStudioVersion = 10.0.40219.1
Project("{FAE04EC0-301F-11D3-BF4B-00C04F79EFBC}") = "InvoicesData", "InvoicesData\InvoicesData.csproj", "{5F697CD0-D164-47F1-A7B1-EB4C5271842E}"
EndProject
Project("{FAE04EC0-301F-11D3-BF4B-00C04F79EFBC}") = "InvoicesDemo", "InvoicesDemo\InvoicesDemo.csproj", "{12A41123-1FF7-4444-AEBA-2B0B94F97298}"
EndProject
Global
	GlobalSection(SolutionConfigurationPlatforms) = preSolution
		Debug|Any CPU = Debug|Any CPU
		Release|Any CPU = Release|Any CPU
	EndGlobalSection
	GlobalSection(ProjectConfigurationPlatforms) = postSolution
		{5F697CD0-D164-47F1-A7B1-EB4C5271842E}.Debug|Any CPU.ActiveCfg = Debug|Any CPU
		{5F697CD0-D164-47F1-A7B1-EB4C5271842E}.Debug|Any CPU.Build.0 = Debug|Any CPU
		{5F697CD0-D164-47F1-A7B1-EB4C5271842E}.Release|Any CPU.ActiveCfg = Release|Any CPU
		{5F697CD0-D164-47F1-A7B1-EB4C5271842E}.Release|Any CPU.Build.0 = Release|Any CPU
		{12A41123-1FF7-4444-AEBA-2B0B94F97298}.Debug|Any CPU.ActiveCfg = Debug|Any CPU
		{12A41123-1FF7-4444-AEBA-2B0B94F97298}.Debug|Any CPU.Build.0 = Debug|Any CPU
		{12A41123-1FF7-4444-AEBA-2B0B94F97298}.Release|Any CPU.ActiveCfg = Release|Any CPU
		{12A41123-1FF7-4444-AEBA-2B0B94F97298}.Release|Any CPU.Build.0 = Release|Any CPU
	EndGlobalSection
	GlobalSection(SolutionProperties) = preSolution
		HideSolutionNode = FALSE
	EndGlobalSection
	GlobalSection(ExtensibilityGlobals) = postSolution
		SolutionGuid = {1FB33DE8-C1D6-4960-ABFC-4731BACB71A5}
	EndGlobalSection
EndGlobal
